
Microsoft Visual Studio Solution File, Format Version 12.00
# Visual Studio Version 17
VisualStudioVersion = 17.5.002.0
MinimumVisualStudioVersion = 10.0.40219.1
Project("{9A19103F-16F7-4668-BE54-9A1E7A4F7556}") = "aula_01", "aula_01.csproj", "{BEAB2572-E021-44EF-B650-38B25D6E83CC}"
EndProject
Global
	GlobalSection(SolutionConfigurationPlatforms) = preSolution
		Debug|Any CPU = Debug|Any CPU
		Release|Any CPU = Release|Any CPU
	EndGlobalSection
	GlobalSection(ProjectConfigurationPlatforms) = postSolution
		{BEAB2572-E021-44EF-B650-38B25D6E83CC}.Debug|Any CPU.ActiveCfg = Debug|Any CPU
		{BEAB2572-E021-44EF-B650-38B25D6E83CC}.Debug|Any CPU.Build.0 = Debug|Any CPU
		{BEAB2572-E021-44EF-B650-38B25D6E83CC}.Release|Any CPU.ActiveCfg = Release|Any CPU
		{BEAB2572-E021-44EF-B650-38B25D6E83CC}.Release|Any CPU.Build.0 = Release|Any CPU
	EndGlobalSection
	GlobalSection(SolutionProperties) = preSolution
		HideSolutionNode = FALSE
	EndGlobalSection
	GlobalSection(ExtensibilityGlobals) = postSolution
		SolutionGuid = {696ED137-1F22-4474-84D7-68E649F7E226}
	EndGlobalSection
EndGlobal
